
Microsoft Visual Studio Solution File, Format Version 12.00
# Visual Studio Version 17
VisualStudioVersion = 17.2.32616.157
MinimumVisualStudioVersion = 10.0.40219.1
Project("{FAE04EC0-301F-11D3-BF4B-00C04F79EFBC}") = "Shapes", "Shapes\Shapes.csproj", "{89A7CA62-EE21-4B17-A96C-4F93078FDF0A}"
EndProject
Global
	GlobalSection(SolutionConfigurationPlatforms) = preSolution
		Debug|Any CPU = Debug|Any CPU
		Release|Any CPU = Release|Any CPU
	EndGlobalSection
	GlobalSection(ProjectConfigurationPlatforms) = postSolution
		{89A7CA62-EE21-4B17-A96C-4F93078FDF0A}.Debug|Any CPU.ActiveCfg = Debug|Any CPU
		{89A7CA62-EE21-4B17-A96C-4F93078FDF0A}.Debug|Any CPU.Build.0 = Debug|Any CPU
		{89A7CA62-EE21-4B17-A96C-4F93078FDF0A}.Release|Any CPU.ActiveCfg = Release|Any CPU
		{89A7CA62-EE21-4B17-A96C-4F93078FDF0A}.Release|Any CPU.Build.0 = Release|Any CPU
	EndGlobalSection
	GlobalSection(SolutionProperties) = preSolution
		HideSolutionNode = FALSE
	EndGlobalSection
	GlobalSection(ExtensibilityGlobals) = postSolution
		SolutionGuid = {3745A4E6-3BC2-4F28-A2A7-78F053B159E7}
	EndGlobalSection
EndGlobal
